hash: 895d211c36d3e248c8105f34b8a73906f4aeb93a7d8767f1ec78bfd776c2c37d
updated: 2016-07-11T21:29:10.7294072+01:00
imports:
- name: github.com/codegangsta/cli
  version: b5232bb2934f606f9f27a1305f1eea224e8e8b88
- name: github.com/crewjam/rfc5424
  version: 2edeb8956a7878fd604eee37b77385477c984687
- name: github.com/gorilla/context
  version: 1c83b3eabd45b6d76072b66b746c20815fb2872d
- name: github.com/gorilla/mux
  version: 26a6070f849969ba72b72256e9f14cf519751690
- name: github.com/gorilla/websocket
  version: 3986be78bf859e01f01af631ad76da5b269d270c
- name: github.com/hashicorp/hcl
  version: 5af5025c48e8bf0e03551b8757d92a774b9f0694
  subpackages:
  - hcl/ast
  - hcl/parser
  - hcl/token
  - json/parser
  - hcl/scanner
  - hcl/strconv
  - json/scanner
  - json/token
- name: github.com/jchannon/negotiator
  version: ce4c1ce489b5afb6d597cb8b2a2c57adf4a01b48
- name: github.com/jeromer/syslogparser
  version: ff71fe7a7d5279df4b964b31f7ee4adf117277f6
  subpackages:
  - rfc3164
  - rfc5424
- name: github.com/kardianos/osext
  version: 29ae4ffbc9a6fe9fb2bc5029050ce6996ea1d3bc
- name: github.com/laher/goxc
  version: 7ad26178a06b217fa3a4163bea2e129bbf0c0f2e
- name: github.com/lukesmith/syslog
  version: 831d1160c842922c89660c9532c0e78a12a4281c
- name: github.com/mcuadros/go-syslog
  version: e079f554382028527e4509d7bb58793b5e98194e
- name: github.com/mitchellh/mapstructure
  version: 281073eb9eb092240d33ef253c404f1cca550309
- name: github.com/satori/go.uuid
  version: d41af8bb6a7704f00bc3b7cba9355ae6a5a80048
- name: github.com/stretchr/testify
  version: 6fe211e493929a8aac0469b93f28b1d0688a9a3a
  subpackages:
  - assert
- name: github.com/unrolled/render
  version: 198ad4d8b8a4612176b804ca10555b222a086b40
- name: gopkg.in/mcuadros/go-syslog.v2
  version: 6cba2bfcf64a025c899aa3be061161d2b89d8b54
  subpackages:
  - format
testImports:
- name: github.com/davecgh/go-spew
  version: 5215b55f46b2b919f50a1df0eaa5886afe4e3b3d
  subpackages:
  - spew
- name: github.com/pmezard/go-difflib
  version: d8ed2627bdf02c080bf22230dbb337003b7aba2d
  subpackages:
  - difflib
